{
  "version": "4",
  "redirects": {
    "https://esm.sh/@supabase/functions-js/src/edge-runtime.d.ts": "https://esm.sh/@supabase/functions-js@2.4.4/src/edge-runtime.d.ts"
  },
  "remote": {
    "https://deno.land/std@0.208.0/async/delay.ts": "a6142eb44cdd856b645086af2b811b1fcce08ec06bb7d50969e6a872ee9b8659",
    "https://deno.land/std@0.208.0/http/server.ts": "f3cde6672e631d3e00785743cfa96bfed275618c0352c5ae84abbe5a2e0e4afc",
    "https://deno.land/x/openai@v4.24.1/_shims/MultipartBody.ts": "fe06a56b54ae358c9cf99823096e34b36795fdba2e17513f0e9539210edd797d",
    "https://deno.land/x/openai@v4.24.1/_shims/mod.ts": "df7a905c0bd873d3dab745b9c63403594b1804131b5f533e1e72a2f2747cba74",
    "https://deno.land/x/openai@v4.24.1/core.ts": "f63dd18846582debcbf9834b944f1a65c879b6f9624466d97198291dc0915400",
    "https://deno.land/x/openai@v4.24.1/error.ts": "82962c51d5894159afc3351e31133eacad9405674ea03c8ccd5ce071b88d5ebf",
    "https://deno.land/x/openai@v4.24.1/lib/AbstractChatCompletionRunner.ts": "0b2442b11f59559f1e8d67b2083dd948a7e9d1b7163de968dd290255c19242ce",
    "https://deno.land/x/openai@v4.24.1/lib/ChatCompletionRunner.ts": "0d1cc40d99cd64b7d573ab95f9cb75750f24f9829da91e12573122842985a2d0",
    "https://deno.land/x/openai@v4.24.1/lib/ChatCompletionStream.ts": "c7a6fa2e25819ff85ef5eb2ad1c912d19615cf8550129151837bc0cc31f31e77",
    "https://deno.land/x/openai@v4.24.1/lib/ChatCompletionStreamingRunner.ts": "9bcaae3760dd5f9b54d5d4b2ba79b8731bb3dc79214c26e5d0bbdfe809747dd2",
    "https://deno.land/x/openai@v4.24.1/lib/RunnableFunction.ts": "f45a16776de983da6b65e5748eb2c581b6ea9d3849bda0026f24659cf0be2d2c",
    "https://deno.land/x/openai@v4.24.1/lib/chatCompletionUtils.ts": "4991d3e698a54f8e4273eb0f1d73851f7ba549a0a32fabbcd739627677003cb9",
    "https://deno.land/x/openai@v4.24.1/lib/jsonschema.ts": "ed31a7861e19e505c43aa7612579b2739243ee8e8dd47ccb5f8908fa5ff3b5f0",
    "https://deno.land/x/openai@v4.24.1/mod.ts": "d4e7be3173ac239231d40b32c94fad4bc620f83676f672d441252daa02b06d8f",
    "https://deno.land/x/openai@v4.24.1/pagination.ts": "43a99777ce4e7c51ab2718d709e9f5acfbf5a21d3b17de5a53bb6a74923bf410",
    "https://deno.land/x/openai@v4.24.1/resource.ts": "ab3af12d680ecd58fad8f1ff5cd64b48314155bfbd1c4498d1cadd914f8a1316",
    "https://deno.land/x/openai@v4.24.1/resources/audio/audio.ts": "5e29281f42c8938e9ae93284fc360b4d7fa9c21cd79fe03a48e98e8b317edab0",
    "https://deno.land/x/openai@v4.24.1/resources/audio/speech.ts": "0a559eacfa16a3b69d96cd1ef8f6dad903ba28cf031f641ae2bfd4238e104352",
    "https://deno.land/x/openai@v4.24.1/resources/audio/transcriptions.ts": "3b6881e3c4ab19a0946f7bc5f91c2e64eefcf8e37fd715ab464d0dc27590df1c",
    "https://deno.land/x/openai@v4.24.1/resources/audio/translations.ts": "9785bc24a8a555e06898a029f943169934f15051862cf7e824f32defdc19d485",
    "https://deno.land/x/openai@v4.24.1/resources/beta/assistants/assistants.ts": "e53e8edb16a1c794a84148a140ddf7e64f0d8c09f557e3925e0ce4972885f7be",
    "https://deno.land/x/openai@v4.24.1/resources/beta/assistants/files.ts": "a923a0ae4f8f7a2953709ba97e7849e212c62571fd6075670ee695b5ed6eb117",
    "https://deno.land/x/openai@v4.24.1/resources/beta/beta.ts": "fbcb0b5065cd8093173544282a9208e6f6b89f66b5dbe62c420cd3ad5fa6aff8",
    "https://deno.land/x/openai@v4.24.1/resources/beta/chat/chat.ts": "27c8bfae3bd25d2c7a76e61af3bb63dbf39406ee826282fb1f1502bd5b577cd3",
    "https://deno.land/x/openai@v4.24.1/resources/beta/chat/completions.ts": "e7d1937f3c60fd04381f0104f640eb69c9371a42153e0583da4638a8b5b15c6a",
    "https://deno.land/x/openai@v4.24.1/resources/beta/threads/messages/files.ts": "bd50ec629f6216944a42455ea5f9ec992885df346637f46ede3a4c71fb04246f",
    "https://deno.land/x/openai@v4.24.1/resources/beta/threads/messages/messages.ts": "34ac0d56bf22a5fe6d7853d8c921b81f35817dc76ce7875f7763101bd7449544",
    "https://deno.land/x/openai@v4.24.1/resources/beta/threads/runs/runs.ts": "67cd41f5cbbdc6b6344886219ed881498c9a2d67ee9551ba5675560afe67d0e9",
    "https://deno.land/x/openai@v4.24.1/resources/beta/threads/runs/steps.ts": "74cab30e50485eb1a14c6a4430ed4e9976115c06f09ffff009d8b0818849d7d1",
    "https://deno.land/x/openai@v4.24.1/resources/beta/threads/threads.ts": "c38ee69e89a6ca36de824fd4b6997c77ac603aa928ffb97ea3e3614a12e34ee4",
    "https://deno.land/x/openai@v4.24.1/resources/chat/chat.ts": "f620f47df83efa5d32520c894223133a3f94e0358462b7937df45f1a588e3960",
    "https://deno.land/x/openai@v4.24.1/resources/chat/completions.ts": "4904cfef68848f9e182fdce5c6a6d2d8de122cd0bec3f326db99f6fe67183a79",
    "https://deno.land/x/openai@v4.24.1/resources/chat/mod.ts": "220d4b7ae6c7b901594371308b2f397fe1d736ae039b6e400cbdad843c791fc4",
    "https://deno.land/x/openai@v4.24.1/resources/completions.ts": "4cbcbceb2c7f5bc5f9ac39698ca62cad2a2127efaad0d50ee04aff06d3fdb79e",
    "https://deno.land/x/openai@v4.24.1/resources/edits.ts": "847a392dfe2d6a3614a20f46e013acaeb06e69de40a4106b012cb99f02fcfc23",
    "https://deno.land/x/openai@v4.24.1/resources/embeddings.ts": "f607d76d445c6314e43a6816ab7a5e39e1ef33efdbc0ae1c1b5313e4cede9866",
    "https://deno.land/x/openai@v4.24.1/resources/files.ts": "16c77abc27196a66692b1b1b34f424b56174d77859d9d9206c8f7827ae4448be",
    "https://deno.land/x/openai@v4.24.1/resources/fine-tunes.ts": "d4b7f4d758b0bfe6e5350d58ebe57150aa3426dc5143ec5815b4e231adffff0f",
    "https://deno.land/x/openai@v4.24.1/resources/fine-tuning/fine-tuning.ts": "c6021ccd5d6f062e6d6178882fba60fdfe51d5f54a0fd45a62d0823b21ca3314",
    "https://deno.land/x/openai@v4.24.1/resources/fine-tuning/jobs.ts": "9a619aa3f433ab24f8847129329e3d6105f4f59d4a02853e40097c1c423dcbff",
    "https://deno.land/x/openai@v4.24.1/resources/images.ts": "ac7153dd8bb7bdc93efb2ad2868a7acca5688f942936988273e23378a660a345",
    "https://deno.land/x/openai@v4.24.1/resources/mod.ts": "a2217f5ca1dfb6d64f752c673ac0348e85808cf956616571b203365ffe8e002d",
    "https://deno.land/x/openai@v4.24.1/resources/models.ts": "83f81fc5075a6ac2cdb6515014b7e9ce0d311f698ea416e8bf305573786ea809",
    "https://deno.land/x/openai@v4.24.1/resources/moderations.ts": "e3ebf9638af6c18e9a9ea875d1397580a501890ed9bd6710b2248a1b21bec30a",
    "https://deno.land/x/openai@v4.24.1/resources/shared.ts": "919082a633e2b16e9d83fd5e9af3b26af3dc24bbadf2e20c2862226b833de414",
    "https://deno.land/x/openai@v4.24.1/streaming.ts": "f360cf909b07562330ca75470ae26eecdc35f176af424b0f74ab673a5b242782",
    "https://deno.land/x/openai@v4.24.1/uploads.ts": "96dbd9e7e7b5a9bc3ff38e81f6c1372c2cdce28b38c704cd61c7daeb5494b6f9",
    "https://deno.land/x/openai@v4.24.1/version.ts": "22ce71a7c8cb942f16a2d3128b9f508a7018c05b9d6a483f9b7a33df5d2f7c12",
    "https://deno.land/x/openai@v4.52.0/_shims/MultipartBody.ts": "fe06a56b54ae358c9cf99823096e34b36795fdba2e17513f0e9539210edd797d",
    "https://deno.land/x/openai@v4.52.0/_shims/mod.ts": "2e253cb26bfa7060bd37e45626e60e4bf3e7b3fb3e0f559fdfdeef94c73f9372",
    "https://deno.land/x/openai@v4.52.0/core.ts": "4d78de4c114f5048120eb34c4e94286e69e9c1453cb03791296e79e0e5713bc2",
    "https://deno.land/x/openai@v4.52.0/error.ts": "a8721373ee2bb58af749b537af4adf320f73b576b9f4263072e98c4a099578ad",
    "https://deno.land/x/openai@v4.52.0/lib/AbstractAssistantStreamRunner.ts": "2e7a0a6c3dc541d8eea15f0c2c6c394a4373458707103c210a4c7d1ddb04f5b7",
    "https://deno.land/x/openai@v4.52.0/lib/AbstractChatCompletionRunner.ts": "04e896780c3ac2a82de55e17823d6fef1e49ea7632d998149986ae45d2eb0c47",
    "https://deno.land/x/openai@v4.52.0/lib/AssistantStream.ts": "00257f487b45d1f0d4edf859da067c0d48e65b1b08400004a54ce572611d0cb2",
    "https://deno.land/x/openai@v4.52.0/lib/ChatCompletionRunner.ts": "0d1cc40d99cd64b7d573ab95f9cb75750f24f9829da91e12573122842985a2d0",
    "https://deno.land/x/openai@v4.52.0/lib/ChatCompletionStream.ts": "e5721b3a8c1edb8442c4ab11db947ae2437c6fc999fc2b53d3b1f4b3c27b3549",
    "https://deno.land/x/openai@v4.52.0/lib/ChatCompletionStreamingRunner.ts": "9bcaae3760dd5f9b54d5d4b2ba79b8731bb3dc79214c26e5d0bbdfe809747dd2",
    "https://deno.land/x/openai@v4.52.0/lib/RunnableFunction.ts": "f45a16776de983da6b65e5748eb2c581b6ea9d3849bda0026f24659cf0be2d2c",
    "https://deno.land/x/openai@v4.52.0/lib/Util.ts": "aa555aecdbba8b0ae2e8a982a6797cabc0942fa0d2e99ce629d243d9032941b8",
    "https://deno.land/x/openai@v4.52.0/lib/chatCompletionUtils.ts": "4991d3e698a54f8e4273eb0f1d73851f7ba549a0a32fabbcd739627677003cb9",
    "https://deno.land/x/openai@v4.52.0/lib/jsonschema.ts": "ed31a7861e19e505c43aa7612579b2739243ee8e8dd47ccb5f8908fa5ff3b5f0",
    "https://deno.land/x/openai@v4.52.0/mod.ts": "610c80aa45162b64dbe37580c1d1d658e77fe61d2991443bc10e14e2e2c7aef9",
    "https://deno.land/x/openai@v4.52.0/pagination.ts": "02a6737ca6c987cab6effa2788327d022b9e0edc95dd98db0be986383f484e22",
    "https://deno.land/x/openai@v4.52.0/resource.ts": "c496dbda8dc6324d25fcef3d7233310935259d6aa0baf4b0d95039e4913f6380",
    "https://deno.land/x/openai@v4.52.0/resources/audio/audio.ts": "baddf217421e2c09aa67d6977d9d98bc119edb7167ae6fd3e821778d8c702f19",
    "https://deno.land/x/openai@v4.52.0/resources/audio/speech.ts": "bc653097f1bb269c7344d8ef01251f6b8d2fa6df8fcc0856a80a46b901941cef",
    "https://deno.land/x/openai@v4.52.0/resources/audio/transcriptions.ts": "46398700125fe555415cff2bc70edb71b4969f6dda2e18af4916c6c21269120f",
    "https://deno.land/x/openai@v4.52.0/resources/audio/translations.ts": "ff91c4bd465448e1adc6206bc4824ff6b6869a82b2275976f874bcce61dca24c",
    "https://deno.land/x/openai@v4.52.0/resources/batches.ts": "894dac1b37dc376e3ecdcd7cdf4771c3fa256196057d39dc5fc523408639343a",
    "https://deno.land/x/openai@v4.52.0/resources/beta/assistants.ts": "aa60323579071740ed08639df10fa64b73f52c08230a701647a939ae30ec5fd1",
    "https://deno.land/x/openai@v4.52.0/resources/beta/beta.ts": "2e4c2ad66515f2ec5a1e3a2ccb6f29425b5a06bf2b8a600efb3e4303e61e516a",
    "https://deno.land/x/openai@v4.52.0/resources/beta/chat/chat.ts": "80dc8786a4b895e9fb152495496f44ac669e95fbb9c2f5a3c0bd379f408b1e1c",
    "https://deno.land/x/openai@v4.52.0/resources/beta/chat/completions.ts": "5e15cb9095f34d2a51e6e79a83dc5a53dc32e9ab99e607ba59732271612ffd19",
    "https://deno.land/x/openai@v4.52.0/resources/beta/threads/messages.ts": "c3529dee4196a2765cd637d69116bd07e2273c4aa9388f346cea6af4c96a8c78",
    "https://deno.land/x/openai@v4.52.0/resources/beta/threads/runs/runs.ts": "4607db31984959f03dc738b3e55447e19606c4054378bbd8465af6f22a435dc3",
    "https://deno.land/x/openai@v4.52.0/resources/beta/threads/runs/steps.ts": "5779f252e93f661bdcf391ec8ba41589fec252862b072f7517a0dc858c323595",
    "https://deno.land/x/openai@v4.52.0/resources/beta/threads/threads.ts": "9e9e0357dd4c8f3ac9b8bcda948abdb5454c49cda2c177fb9ba2c4afb68e3438",
    "https://deno.land/x/openai@v4.52.0/resources/beta/vector-stores/file-batches.ts": "c5cbd13d261dff44bc84f4340d675a8b702d33205b911faaf53958b07a47d3d1",
    "https://deno.land/x/openai@v4.52.0/resources/beta/vector-stores/files.ts": "4aadeec93cdcc1fad9b527284d1cbb4a5857fa2b2db2b481a4ad3398412de3ab",
    "https://deno.land/x/openai@v4.52.0/resources/beta/vector-stores/vector-stores.ts": "17cfdd05fc729c705c973222dbbe9e763936dbd384549899425017d8fc2af530",
    "https://deno.land/x/openai@v4.52.0/resources/chat/chat.ts": "35c93c4388e9727fff7dcec6f09eb82d8b9f6d246b34ec219741b26e2d1c78de",
    "https://deno.land/x/openai@v4.52.0/resources/chat/completions.ts": "951be3bdaad6a709a0b79bfcc8140a5ed0d7b623c61c5daf19ebe009e9dc129e",
    "https://deno.land/x/openai@v4.52.0/resources/chat/mod.ts": "533faa7d352b1291cac0200a91e5c638361070285336631a76a0a26debc99d60",
    "https://deno.land/x/openai@v4.52.0/resources/completions.ts": "fc5ff206f8956e3bbc6183dd0661fc58b064d06beab11655b6162157e8896c4a",
    "https://deno.land/x/openai@v4.52.0/resources/embeddings.ts": "4009ae23c3d376826a080553feed55e32e3be959ba4543b9377aaa2537ef78d4",
    "https://deno.land/x/openai@v4.52.0/resources/files.ts": "053723df6a8599970548e270083279dd9bb590a1569c0f163b261b69f7585031",
    "https://deno.land/x/openai@v4.52.0/resources/fine-tuning/fine-tuning.ts": "5cb89d96fc6d914ae2d68257a4d08a1f12c140c12b7892a14393177ca9c4ca2b",
    "https://deno.land/x/openai@v4.52.0/resources/fine-tuning/jobs/checkpoints.ts": "0b225258a1e92a81c992721bf4259ec4eccd6225562cf576432e97ee838ccc67",
    "https://deno.land/x/openai@v4.52.0/resources/fine-tuning/jobs/jobs.ts": "0159a643db2de61afd948c2e689e4313a8f81edb94548c7b9da4605604a00621",
    "https://deno.land/x/openai@v4.52.0/resources/images.ts": "412919440b470e346df93bae418506f4da5202b38bd15b415140d105cb29b19d",
    "https://deno.land/x/openai@v4.52.0/resources/mod.ts": "8f81e21bf165952f01e2ac9a6a05d1e1c3e820611f61ee62148cb878b2f92131",
    "https://deno.land/x/openai@v4.52.0/resources/models.ts": "1ed29e3f7126c2574ba5567646a66495916d52dc754c3b3c435cd9329997ab2b",
    "https://deno.land/x/openai@v4.52.0/resources/moderations.ts": "fbda1ed24bcbed6627b611c58964b706e88aac848b5efbec0cc1c45320d53236",
    "https://deno.land/x/openai@v4.52.0/resources/shared.ts": "3e8f4151a77d5dbe1e76ac2af061dc49463790adca54ad6e242a21c7c85114ec",
    "https://deno.land/x/openai@v4.52.0/streaming.ts": "04f85a25d5143758473521223e58003a59cc617fa57755e5a62ba96741cb50ef",
    "https://deno.land/x/openai@v4.52.0/uploads.ts": "33857c766326193dd038ca77382f3b361ef92038a938de312f3f95aa77531a46",
    "https://deno.land/x/openai@v4.52.0/version.ts": "64b3d365386e6be66d3619322e409f6f2551f8aeff632310791702d9c06b5a27",
    "https://esm.sh/@supabase/supabase-js@2.43.4": "ed6952bb6d04f4abd86e80a0dde37f35798d483d2603cc8408baf310a21a0b36"
  }
}
